
Microsoft Visual Studio Solution File, Format Version 12.00
# Visual Studio 14
VisualStudioVersion = 14.0.25420.1
MinimumVisualStudioVersion = 10.0.40219.1
Project("{FAE04EC0-301F-11D3-BF4B-00C04F79EFBC}") = "Modulo1_Reto", "Modulo1_Reto\Modulo1_Reto\Modulo1_Reto.csproj", "{37CCBF08-F722-4A7C-AF70-7A6C9CA11C94}"
EndProject
Project("{FAE04EC0-301F-11D3-BF4B-00C04F79EFBC}") = "Modulo1_Reto.Droid", "Modulo1_Reto\Modulo1_Reto.Droid\Modulo1_Reto.Droid.csproj", "{4DA61065-845E-4BA9-9D78-64D09E3A716E}"
EndProject
Project("{FAE04EC0-301F-11D3-BF4B-00C04F79EFBC}") = "Modulo1_Reto.iOS", "Modulo1_Reto\Modulo1_Reto.iOS\Modulo1_Reto.iOS.csproj", "{D558DC20-9541-4FF4-BF98-C7DED7ACC566}"
EndProject
Project("{FAE04EC0-301F-11D3-BF4B-00C04F79EFBC}") = "Modulo1_Reto.WinPhone", "Modulo1_Reto\Modulo1_Reto.WinPhone\Modulo1_Reto.WinPhone.csproj", "{301A1F4C-E3C6-4408-BFF8-6DA9CC6A4C41}"
EndProject
Project("{FAE04EC0-301F-11D3-BF4B-00C04F79EFBC}") = "Modulo1_Reto.UWP", "Modulo1_Reto\Modulo1_Reto.UWP\Modulo1_Reto.UWP.csproj", "{4C59B92A-7D4A-4A1D-8F60-785EAEB0E097}"
EndProject
Project("{FAE04EC0-301F-11D3-BF4B-00C04F79EFBC}") = "Modulo1_Reto.Windows", "Modulo1_Reto\Modulo1_Reto.Windows\Modulo1_Reto.Windows.csproj", "{354C92BF-FE24-415A-BD0A-71FF32A21F52}"
EndProject
Global
	GlobalSection(SolutionConfigurationPlatforms) = preSolution
		Ad-Hoc|Any CPU = Ad-Hoc|Any CPU
		Ad-Hoc|ARM = Ad-Hoc|ARM
		Ad-Hoc|iPhone = Ad-Hoc|iPhone
		Ad-Hoc|iPhoneSimulator = Ad-Hoc|iPhoneSimulator
		Ad-Hoc|x64 = Ad-Hoc|x64
		Ad-Hoc|x86 = Ad-Hoc|x86
		AppStore|Any CPU = AppStore|Any CPU
		AppStore|ARM = AppStore|ARM
		AppStore|iPhone = AppStore|iPhone
		AppStore|iPhoneSimulator = AppStore|iPhoneSimulator
		AppStore|x64 = AppStore|x64
		AppStore|x86 = AppStore|x86
		Debug|Any CPU = Debug|Any CPU
		Debug|ARM = Debug|ARM
		Debug|iPhone = Debug|iPhone
		Debug|iPhoneSimulator = Debug|iPhoneSimulator
		Debug|x64 = Debug|x64
		Debug|x86 = Debug|x86
		Release|Any CPU = Release|Any CPU
		Release|ARM = Release|ARM
		Release|iPhone = Release|iPhone
		Release|iPhoneSimulator = Release|iPhoneSimulator
		Release|x64 = Release|x64
		Release|x86 = Release|x86
	EndGlobalSection
	GlobalSection(ProjectConfigurationPlatforms) = postSolution
		{37CCBF08-F722-4A7C-AF70-7A6C9CA11C94}.Ad-Hoc|Any CPU.ActiveCfg = Release|Any CPU
		{37CCBF08-F722-4A7C-AF70-7A6C9CA11C94}.Ad-Hoc|Any CPU.Build.0 = Release|Any CPU
		{37CCBF08-F722-4A7C-AF70-7A6C9CA11C94}.Ad-Hoc|ARM.ActiveCfg = Release|Any CPU
		{37CCBF08-F722-4A7C-AF70-7A6C9CA11C94}.Ad-Hoc|ARM.Build.0 = Release|Any CPU
		{37CCBF08-F722-4A7C-AF70-7A6C9CA11C94}.Ad-Hoc|iPhone.ActiveCfg = Release|Any CPU
		{37CCBF08-F722-4A7C-AF70-7A6C9CA11C94}.Ad-Hoc|iPhone.Build.0 = Release|Any CPU
		{37CCBF08-F722-4A7C-AF70-7A6C9CA11C94}.Ad-Hoc|iPhoneSimulator.ActiveCfg = Release|Any CPU
		{37CCBF08-F722-4A7C-AF70-7A6C9CA11C94}.Ad-Hoc|iPhoneSimulator.Build.0 = Release|Any CPU
		{37CCBF08-F722-4A7C-AF70-7A6C9CA11C94}.Ad-Hoc|x64.ActiveCfg = Release|Any CPU
		{37CCBF08-F722-4A7C-AF70-7A6C9CA11C94}.Ad-Hoc|x64.Build.0 = Release|Any CPU
		{37CCBF08-F722-4A7C-AF70-7A6C9CA11C94}.Ad-Hoc|x86.ActiveCfg = Release|Any CPU
		{37CCBF08-F722-4A7C-AF70-7A6C9CA11C94}.Ad-Hoc|x86.Build.0 = Release|Any CPU
		{37CCBF08-F722-4A7C-AF70-7A6C9CA11C94}.AppStore|Any CPU.ActiveCfg = Release|Any CPU
		{37CCBF08-F722-4A7C-AF70-7A6C9CA11C94}.AppStore|Any CPU.Build.0 = Release|Any CPU
		{37CCBF08-F722-4A7C-AF70-7A6C9CA11C94}.AppStore|ARM.ActiveCfg = Release|Any CPU
		{37CCBF08-F722-4A7C-AF70-7A6C9CA11C94}.AppStore|ARM.Build.0 = Release|Any CPU
		{37CCBF08-F722-4A7C-AF70-7A6C9CA11C94}.AppStore|iPhone.ActiveCfg = Release|Any CPU
		{37CCBF08-F722-4A7C-AF70-7A6C9CA11C94}.AppStore|iPhone.Build.0 = Release|Any CPU
		{37CCBF08-F722-4A7C-AF70-7A6C9CA11C94}.AppStore|iPhoneSimulator.ActiveCfg = Release|Any CPU
		{37CCBF08-F722-4A7C-AF70-7A6C9CA11C94}.AppStore|iPhoneSimulator.Build.0 = Release|Any CPU
		{37CCBF08-F722-4A7C-AF70-7A6C9CA11C94}.AppStore|x64.ActiveCfg = Release|Any CPU
		{37CCBF08-F722-4A7C-AF70-7A6C9CA11C94}.AppStore|x64.Build.0 = Release|Any CPU
		{37CCBF08-F722-4A7C-AF70-7A6C9CA11C94}.AppStore|x86.ActiveCfg = Release|Any CPU
		{37CCBF08-F722-4A7C-AF70-7A6C9CA11C94}.AppStore|x86.Build.0 = Release|Any CPU
		{37CCBF08-F722-4A7C-AF70-7A6C9CA11C94}.Debug|Any CPU.ActiveCfg = Debug|Any CPU
		{37CCBF08-F722-4A7C-AF70-7A6C9CA11C94}.Debug|Any CPU.Build.0 = Debug|Any CPU
		{37CCBF08-F722-4A7C-AF70-7A6C9CA11C94}.Debug|ARM.ActiveCfg = Debug|Any CPU
		{37CCBF08-F722-4A7C-AF70-7A6C9CA11C94}.Debug|ARM.Build.0 = Debug|Any CPU
		{37CCBF08-F722-4A7C-AF70-7A6C9CA11C94}.Debug|iPhone.ActiveCfg = Debug|Any CPU
		{37CCBF08-F722-4A7C-AF70-7A6C9CA11C94}.Debug|iPhone.Build.0 = Debug|Any CPU
		{37CCBF08-F722-4A7C-AF70-7A6C9CA11C94}.Debug|iPhoneSimulator.ActiveCfg = Debug|Any CPU
		{37CCBF08-F722-4A7C-AF70-7A6C9CA11C94}.Debug|iPhoneSimulator.Build.0 = Debug|Any CPU
		{37CCBF08-F722-4A7C-AF70-7A6C9CA11C94}.Debug|x64.ActiveCfg = Debug|Any CPU
		{37CCBF08-F722-4A7C-AF70-7A6C9CA11C94}.Debug|x64.Build.0 = Debug|Any CPU
		{37CCBF08-F722-4A7C-AF70-7A6C9CA11C94}.Debug|x86.ActiveCfg = Debug|Any CPU
		{37CCBF08-F722-4A7C-AF70-7A6C9CA11C94}.Debug|x86.Build.0 = Debug|Any CPU
		{37CCBF08-F722-4A7C-AF70-7A6C9CA11C94}.Release|Any CPU.ActiveCfg = Release|Any CPU
		{37CCBF08-F722-4A7C-AF70-7A6C9CA11C94}.Release|Any CPU.Build.0 = Release|Any CPU
		{37CCBF08-F722-4A7C-AF70-7A6C9CA11C94}.Release|ARM.ActiveCfg = Release|Any CPU
		{37CCBF08-F722-4A7C-AF70-7A6C9CA11C94}.Release|ARM.Build.0 = Release|Any CPU
		{37CCBF08-F722-4A7C-AF70-7A6C9CA11C94}.Release|iPhone.ActiveCfg = Release|Any CPU
		{37CCBF08-F722-4A7C-AF70-7A6C9CA11C94}.Release|iPhone.Build.0 = Release|Any CPU
		{37CCBF08-F722-4A7C-AF70-7A6C9CA11C94}.Release|iPhoneSimulator.ActiveCfg = Release|Any CPU
		{37CCBF08-F722-4A7C-AF70-7A6C9CA11C94}.Release|iPhoneSimulator.Build.0 = Release|Any CPU
		{37CCBF08-F722-4A7C-AF70-7A6C9CA11C94}.Release|x64.ActiveCfg = Release|Any CPU
		{37CCBF08-F722-4A7C-AF70-7A6C9CA11C94}.Release|x64.Build.0 = Release|Any CPU
		{37CCBF08-F722-4A7C-AF70-7A6C9CA11C94}.Release|x86.ActiveCfg = Release|Any CPU
		{37CCBF08-F722-4A7C-AF70-7A6C9CA11C94}.Release|x86.Build.0 = Release|Any CPU
		{4DA61065-845E-4BA9-9D78-64D09E3A716E}.Ad-Hoc|Any CPU.ActiveCfg = Release|Any CPU
		{4DA61065-845E-4BA9-9D78-64D09E3A716E}.Ad-Hoc|Any CPU.Build.0 = Release|Any CPU
		{4DA61065-845E-4BA9-9D78-64D09E3A716E}.Ad-Hoc|Any CPU.Deploy.0 = Release|Any CPU
		{4DA61065-845E-4BA9-9D78-64D09E3A716E}.Ad-Hoc|ARM.ActiveCfg = Release|Any CPU
		{4DA61065-845E-4BA9-9D78-64D09E3A716E}.Ad-Hoc|ARM.Build.0 = Release|Any CPU
		{4DA61065-845E-4BA9-9D78-64D09E3A716E}.Ad-Hoc|ARM.Deploy.0 = Release|Any CPU
		{4DA61065-845E-4BA9-9D78-64D09E3A716E}.Ad-Hoc|iPhone.ActiveCfg = Release|Any CPU
		{4DA61065-845E-4BA9-9D78-64D09E3A716E}.Ad-Hoc|iPhone.Build.0 = Release|Any CPU
		{4DA61065-845E-4BA9-9D78-64D09E3A716E}.Ad-Hoc|iPhone.Deploy.0 = Release|Any CPU
		{4DA61065-845E-4BA9-9D78-64D09E3A716E}.Ad-Hoc|iPhoneSimulator.ActiveCfg = Release|Any CPU
		{4DA61065-845E-4BA9-9D78-64D09E3A716E}.Ad-Hoc|iPhoneSimulator.Build.0 = Release|Any CPU
		{4DA61065-845E-4BA9-9D78-64D09E3A716E}.Ad-Hoc|iPhoneSimulator.Deploy.0 = Release|Any CPU
		{4DA61065-845E-4BA9-9D78-64D09E3A716E}.Ad-Hoc|x64.ActiveCfg = Release|Any CPU
		{4DA61065-845E-4BA9-9D78-64D09E3A716E}.Ad-Hoc|x64.Build.0 = Release|Any CPU
		{4DA61065-845E-4BA9-9D78-64D09E3A716E}.Ad-Hoc|x64.Deploy.0 = Release|Any CPU
		{4DA61065-845E-4BA9-9D78-64D09E3A716E}.Ad-Hoc|x86.ActiveCfg = Release|Any CPU
		{4DA61065-845E-4BA9-9D78-64D09E3A716E}.Ad-Hoc|x86.Build.0 = Release|Any CPU
		{4DA61065-845E-4BA9-9D78-64D09E3A716E}.Ad-Hoc|x86.Deploy.0 = Release|Any CPU
		{4DA61065-845E-4BA9-9D78-64D09E3A716E}.AppStore|Any CPU.ActiveCfg = Release|Any CPU
		{4DA61065-845E-4BA9-9D78-64D09E3A716E}.AppStore|Any CPU.Build.0 = Release|Any CPU
		{4DA61065-845E-4BA9-9D78-64D09E3A716E}.AppStore|Any CPU.Deploy.0 = Release|Any CPU
		{4DA61065-845E-4BA9-9D78-64D09E3A716E}.AppStore|ARM.ActiveCfg = Release|Any CPU
		{4DA61065-845E-4BA9-9D78-64D09E3A716E}.AppStore|ARM.Build.0 = Release|Any CPU
		{4DA61065-845E-4BA9-9D78-64D09E3A716E}.AppStore|ARM.Deploy.0 = Release|Any CPU
		{4DA61065-845E-4BA9-9D78-64D09E3A716E}.AppStore|iPhone.ActiveCfg = Release|Any CPU
		{4DA61065-845E-4BA9-9D78-64D09E3A716E}.AppStore|iPhone.Build.0 = Release|Any CPU
		{4DA61065-845E-4BA9-9D78-64D09E3A716E}.AppStore|iPhone.Deploy.0 = Release|Any CPU
		{4DA61065-845E-4BA9-9D78-64D09E3A716E}.AppStore|iPhoneSimulator.ActiveCfg = Release|Any CPU
		{4DA61065-845E-4BA9-9D78-64D09E3A716E}.AppStore|iPhoneSimulator.Build.0 = Release|Any CPU
		{4DA61065-845E-4BA9-9D78-64D09E3A716E}.AppStore|iPhoneSimulator.Deploy.0 = Release|Any CPU
		{4DA61065-845E-4BA9-9D78-64D09E3A716E}.AppStore|x64.ActiveCfg = Release|Any CPU
		{4DA61065-845E-4BA9-9D78-64D09E3A716E}.AppStore|x64.Build.0 = Release|Any CPU
		{4DA61065-845E-4BA9-9D78-64D09E3A716E}.AppStore|x64.Deploy.0 = Release|Any CPU
		{4DA61065-845E-4BA9-9D78-64D09E3A716E}.AppStore|x86.ActiveCfg = Release|Any CPU
		{4DA61065-845E-4BA9-9D78-64D09E3A716E}.AppStore|x86.Build.0 = Release|Any CPU
		{4DA61065-845E-4BA9-9D78-64D09E3A716E}.AppStore|x86.Deploy.0 = Release|Any CPU
		{4DA61065-845E-4BA9-9D78-64D09E3A716E}.Debug|Any CPU.ActiveCfg = Debug|Any CPU
		{4DA61065-845E-4BA9-9D78-64D09E3A716E}.Debug|Any CPU.Build.0 = Debug|Any CPU
		{4DA61065-845E-4BA9-9D78-64D09E3A716E}.Debug|Any CPU.Deploy.0 = Debug|Any CPU
		{4DA61065-845E-4BA9-9D78-64D09E3A716E}.Debug|ARM.ActiveCfg = Debug|Any CPU
		{4DA61065-845E-4BA9-9D78-64D09E3A716E}.Debug|ARM.Build.0 = Debug|Any CPU
		{4DA61065-845E-4BA9-9D78-64D09E3A716E}.Debug|ARM.Deploy.0 = Debug|Any CPU
		{4DA61065-845E-4BA9-9D78-64D09E3A716E}.Debug|iPhone.ActiveCfg = Debug|Any CPU
		{4DA61065-845E-4BA9-9D78-64D09E3A716E}.Debug|iPhone.Build.0 = Debug|Any CPU
		{4DA61065-845E-4BA9-9D78-64D09E3A716E}.Debug|iPhone.Deploy.0 = Debug|Any CPU
		{4DA61065-845E-4BA9-9D78-64D09E3A716E}.Debug|iPhoneSimulator.ActiveCfg = Debug|Any CPU
		{4DA61065-845E-4BA9-9D78-64D09E3A716E}.Debug|iPhoneSimulator.Build.0 = Debug|Any CPU
		{4DA61065-845E-4BA9-9D78-64D09E3A716E}.Debug|iPhoneSimulator.Deploy.0 = Debug|Any CPU
		{4DA61065-845E-4BA9-9D78-64D09E3A716E}.Debug|x64.ActiveCfg = Debug|Any CPU
		{4DA61065-845E-4BA9-9D78-64D09E3A716E}.Debug|x64.Build.0 = Debug|Any CPU
		{4DA61065-845E-4BA9-9D78-64D09E3A716E}.Debug|x64.Deploy.0 = Debug|Any CPU
		{4DA61065-845E-4BA9-9D78-64D09E3A716E}.Debug|x86.ActiveCfg = Debug|Any CPU
		{4DA61065-845E-4BA9-9D78-64D09E3A716E}.Debug|x86.Build.0 = Debug|Any CPU
		{4DA61065-845E-4BA9-9D78-64D09E3A716E}.Debug|x86.Deploy.0 = Debug|Any CPU
		{4DA61065-845E-4BA9-9D78-64D09E3A716E}.Release|Any CPU.ActiveCfg = Release|Any CPU
		{4DA61065-845E-4BA9-9D78-64D09E3A716E}.Release|Any CPU.Build.0 = Release|Any CPU
		{4DA61065-845E-4BA9-9D78-64D09E3A716E}.Release|Any CPU.Deploy.0 = Release|Any CPU
		{4DA61065-845E-4BA9-9D78-64D09E3A716E}.Release|ARM.ActiveCfg = Release|Any CPU
		{4DA61065-845E-4BA9-9D78-64D09E3A716E}.Release|ARM.Build.0 = Release|Any CPU
		{4DA61065-845E-4BA9-9D78-64D09E3A716E}.Release|ARM.Deploy.0 = Release|Any CPU
		{4DA61065-845E-4BA9-9D78-64D09E3A716E}.Release|iPhone.ActiveCfg = Release|Any CPU
		{4DA61065-845E-4BA9-9D78-64D09E3A716E}.Release|iPhone.Build.0 = Release|Any CPU
		{4DA61065-845E-4BA9-9D78-64D09E3A716E}.Release|iPhone.Deploy.0 = Release|Any CPU
		{4DA61065-845E-4BA9-9D78-64D09E3A716E}.Release|iPhoneSimulator.ActiveCfg = Release|Any CPU
		{4DA61065-845E-4BA9-9D78-64D09E3A716E}.Release|iPhoneSimulator.Build.0 = Release|Any CPU
		{4DA61065-845E-4BA9-9D78-64D09E3A716E}.Release|iPhoneSimulator.Deploy.0 = Release|Any CPU
		{4DA61065-845E-4BA9-9D78-64D09E3A716E}.Release|x64.ActiveCfg = Release|Any CPU
		{4DA61065-845E-4BA9-9D78-64D09E3A716E}.Release|x64.Build.0 = Release|Any CPU
		{4DA61065-845E-4BA9-9D78-64D09E3A716E}.Release|x64.Deploy.0 = Release|Any CPU
		{4DA61065-845E-4BA9-9D78-64D09E3A716E}.Release|x86.ActiveCfg = Release|Any CPU
		{4DA61065-845E-4BA9-9D78-64D09E3A716E}.Release|x86.Build.0 = Release|Any CPU
		{4DA61065-845E-4BA9-9D78-64D09E3A716E}.Release|x86.Deploy.0 = Release|Any CPU
		{D558DC20-9541-4FF4-BF98-C7DED7ACC566}.Ad-Hoc|Any CPU.ActiveCfg = Ad-Hoc|iPhone
		{D558DC20-9541-4FF4-BF98-C7DED7ACC566}.Ad-Hoc|ARM.ActiveCfg = Ad-Hoc|iPhone
		{D558DC20-9541-4FF4-BF98-C7DED7ACC566}.Ad-Hoc|iPhone.ActiveCfg = Ad-Hoc|iPhone
		{D558DC20-9541-4FF4-BF98-C7DED7ACC566}.Ad-Hoc|iPhone.Build.0 = Ad-Hoc|iPhone
		{D558DC20-9541-4FF4-BF98-C7DED7ACC566}.Ad-Hoc|iPhoneSimulator.ActiveCfg = Ad-Hoc|iPhoneSimulator
		{D558DC20-9541-4FF4-BF98-C7DED7ACC566}.Ad-Hoc|iPhoneSimulator.Build.0 = Ad-Hoc|iPhoneSimulator
		{D558DC20-9541-4FF4-BF98-C7DED7ACC566}.Ad-Hoc|x64.ActiveCfg = Ad-Hoc|iPhone
		{D558DC20-9541-4FF4-BF98-C7DED7ACC566}.Ad-Hoc|x86.ActiveCfg = Ad-Hoc|iPhone
		{D558DC20-9541-4FF4-BF98-C7DED7ACC566}.AppStore|Any CPU.ActiveCfg = AppStore|iPhone
		{D558DC20-9541-4FF4-BF98-C7DED7ACC566}.AppStore|ARM.ActiveCfg = AppStore|iPhone
		{D558DC20-9541-4FF4-BF98-C7DED7ACC566}.AppStore|iPhone.ActiveCfg = AppStore|iPhone
		{D558DC20-9541-4FF4-BF98-C7DED7ACC566}.AppStore|iPhone.Build.0 = AppStore|iPhone
		{D558DC20-9541-4FF4-BF98-C7DED7ACC566}.AppStore|iPhoneSimulator.ActiveCfg = AppStore|iPhoneSimulator
		{D558DC20-9541-4FF4-BF98-C7DED7ACC566}.AppStore|iPhoneSimulator.Build.0 = AppStore|iPhoneSimulator
		{D558DC20-9541-4FF4-BF98-C7DED7ACC566}.AppStore|x64.ActiveCfg = AppStore|iPhone
		{D558DC20-9541-4FF4-BF98-C7DED7ACC566}.AppStore|x86.ActiveCfg = AppStore|iPhone
		{D558DC20-9541-4FF4-BF98-C7DED7ACC566}.Debug|Any CPU.ActiveCfg = Debug|iPhone
		{D558DC20-9541-4FF4-BF98-C7DED7ACC566}.Debug|ARM.ActiveCfg = Debug|iPhone
		{D558DC20-9541-4FF4-BF98-C7DED7ACC566}.Debug|iPhone.ActiveCfg = Debug|iPhone
		{D558DC20-9541-4FF4-BF98-C7DED7ACC566}.Debug|iPhone.Build.0 = Debug|iPhone
		{D558DC20-9541-4FF4-BF98-C7DED7ACC566}.Debug|iPhoneSimulator.ActiveCfg = Debug|iPhoneSimulator
		{D558DC20-9541-4FF4-BF98-C7DED7ACC566}.Debug|iPhoneSimulator.Build.0 = Debug|iPhoneSimulator
		{D558DC20-9541-4FF4-BF98-C7DED7ACC566}.Debug|x64.ActiveCfg = Debug|iPhone
		{D558DC20-9541-4FF4-BF98-C7DED7ACC566}.Debug|x86.ActiveCfg = Debug|iPhone
		{D558DC20-9541-4FF4-BF98-C7DED7ACC566}.Release|Any CPU.ActiveCfg = Release|iPhone
		{D558DC20-9541-4FF4-BF98-C7DED7ACC566}.Release|ARM.ActiveCfg = Release|iPhone
		{D558DC20-9541-4FF4-BF98-C7DED7ACC566}.Release|iPhone.ActiveCfg = Release|iPhone
		{D558DC20-9541-4FF4-BF98-C7DED7ACC566}.Release|iPhone.Build.0 = Release|iPhone
		{D558DC20-9541-4FF4-BF98-C7DED7ACC566}.Release|iPhoneSimulator.ActiveCfg = Release|iPhoneSimulator
		{D558DC20-9541-4FF4-BF98-C7DED7ACC566}.Release|iPhoneSimulator.Build.0 = Release|iPhoneSimulator
		{D558DC20-9541-4FF4-BF98-C7DED7ACC566}.Release|x64.ActiveCfg = Release|iPhone
		{D558DC20-9541-4FF4-BF98-C7DED7ACC566}.Release|x86.ActiveCfg = Release|iPhone
		{301A1F4C-E3C6-4408-BFF8-6DA9CC6A4C41}.Ad-Hoc|Any CPU.ActiveCfg = Release|Any CPU
		{301A1F4C-E3C6-4408-BFF8-6DA9CC6A4C41}.Ad-Hoc|Any CPU.Build.0 = Release|Any CPU
		{301A1F4C-E3C6-4408-BFF8-6DA9CC6A4C41}.Ad-Hoc|Any CPU.Deploy.0 = Release|Any CPU
		{301A1F4C-E3C6-4408-BFF8-6DA9CC6A4C41}.Ad-Hoc|ARM.ActiveCfg = Release|ARM
		{301A1F4C-E3C6-4408-BFF8-6DA9CC6A4C41}.Ad-Hoc|ARM.Build.0 = Release|ARM
		{301A1F4C-E3C6-4408-BFF8-6DA9CC6A4C41}.Ad-Hoc|ARM.Deploy.0 = Release|ARM
		{301A1F4C-E3C6-4408-BFF8-6DA9CC6A4C41}.Ad-Hoc|iPhone.ActiveCfg = Release|Any CPU
		{301A1F4C-E3C6-4408-BFF8-6DA9CC6A4C41}.Ad-Hoc|iPhone.Build.0 = Release|Any CPU
		{301A1F4C-E3C6-4408-BFF8-6DA9CC6A4C41}.Ad-Hoc|iPhone.Deploy.0 = Release|Any CPU
		{301A1F4C-E3C6-4408-BFF8-6DA9CC6A4C41}.Ad-Hoc|iPhoneSimulator.ActiveCfg = Release|Any CPU
		{301A1F4C-E3C6-4408-BFF8-6DA9CC6A4C41}.Ad-Hoc|iPhoneSimulator.Build.0 = Release|Any CPU
		{301A1F4C-E3C6-4408-BFF8-6DA9CC6A4C41}.Ad-Hoc|iPhoneSimulator.Deploy.0 = Release|Any CPU
		{301A1F4C-E3C6-4408-BFF8-6DA9CC6A4C41}.Ad-Hoc|x64.ActiveCfg = Release|Any CPU
		{301A1F4C-E3C6-4408-BFF8-6DA9CC6A4C41}.Ad-Hoc|x64.Build.0 = Release|Any CPU
		{301A1F4C-E3C6-4408-BFF8-6DA9CC6A4C41}.Ad-Hoc|x64.Deploy.0 = Release|Any CPU
		{301A1F4C-E3C6-4408-BFF8-6DA9CC6A4C41}.Ad-Hoc|x86.ActiveCfg = Release|x86
		{301A1F4C-E3C6-4408-BFF8-6DA9CC6A4C41}.Ad-Hoc|x86.Build.0 = Release|x86
		{301A1F4C-E3C6-4408-BFF8-6DA9CC6A4C41}.Ad-Hoc|x86.Deploy.0 = Release|x86
		{301A1F4C-E3C6-4408-BFF8-6DA9CC6A4C41}.AppStore|Any CPU.ActiveCfg = Release|Any CPU
		{301A1F4C-E3C6-4408-BFF8-6DA9CC6A4C41}.AppStore|Any CPU.Build.0 = Release|Any CPU
		{301A1F4C-E3C6-4408-BFF8-6DA9CC6A4C41}.AppStore|Any CPU.Deploy.0 = Release|Any CPU
		{301A1F4C-E3C6-4408-BFF8-6DA9CC6A4C41}.AppStore|ARM.ActiveCfg = Release|ARM
		{301A1F4C-E3C6-4408-BFF8-6DA9CC6A4C41}.AppStore|ARM.Build.0 = Release|ARM
		{301A1F4C-E3C6-4408-BFF8-6DA9CC6A4C41}.AppStore|ARM.Deploy.0 = Release|ARM
		{301A1F4C-E3C6-4408-BFF8-6DA9CC6A4C41}.AppStore|iPhone.ActiveCfg = Release|Any CPU
		{301A1F4C-E3C6-4408-BFF8-6DA9CC6A4C41}.AppStore|iPhone.Build.0 = Release|Any CPU
		{301A1F4C-E3C6-4408-BFF8-6DA9CC6A4C41}.AppStore|iPhone.Deploy.0 = Release|Any CPU
		{301A1F4C-E3C6-4408-BFF8-6DA9CC6A4C41}.AppStore|iPhoneSimulator.ActiveCfg = Release|Any CPU
		{301A1F4C-E3C6-4408-BFF8-6DA9CC6A4C41}.AppStore|iPhoneSimulator.Build.0 = Release|Any CPU
		{301A1F4C-E3C6-4408-BFF8-6DA9CC6A4C41}.AppStore|iPhoneSimulator.Deploy.0 = Release|Any CPU
		{301A1F4C-E3C6-4408-BFF8-6DA9CC6A4C41}.AppStore|x64.ActiveCfg = Release|Any CPU
		{301A1F4C-E3C6-4408-BFF8-6DA9CC6A4C41}.AppStore|x64.Build.0 = Release|Any CPU
		{301A1F4C-E3C6-4408-BFF8-6DA9CC6A4C41}.AppStore|x64.Deploy.0 = Release|Any CPU
		{301A1F4C-E3C6-4408-BFF8-6DA9CC6A4C41}.AppStore|x86.ActiveCfg = Release|x86
		{301A1F4C-E3C6-4408-BFF8-6DA9CC6A4C41}.AppStore|x86.Build.0 = Release|x86
		{301A1F4C-E3C6-4408-BFF8-6DA9CC6A4C41}.AppStore|x86.Deploy.0 = Release|x86
		{301A1F4C-E3C6-4408-BFF8-6DA9CC6A4C41}.Debug|Any CPU.ActiveCfg = Debug|Any CPU
		{301A1F4C-E3C6-4408-BFF8-6DA9CC6A4C41}.Debug|Any CPU.Build.0 = Debug|Any CPU
		{301A1F4C-E3C6-4408-BFF8-6DA9CC6A4C41}.Debug|Any CPU.Deploy.0 = Debug|Any CPU
		{301A1F4C-E3C6-4408-BFF8-6DA9CC6A4C41}.Debug|ARM.ActiveCfg = Debug|ARM
		{301A1F4C-E3C6-4408-BFF8-6DA9CC6A4C41}.Debug|ARM.Build.0 = Debug|ARM
		{301A1F4C-E3C6-4408-BFF8-6DA9CC6A4C41}.Debug|ARM.Deploy.0 = Debug|ARM
		{301A1F4C-E3C6-4408-BFF8-6DA9CC6A4C41}.Debug|iPhone.ActiveCfg = Debug|Any CPU
		{301A1F4C-E3C6-4408-BFF8-6DA9CC6A4C41}.Debug|iPhone.Build.0 = Debug|Any CPU
		{301A1F4C-E3C6-4408-BFF8-6DA9CC6A4C41}.Debug|iPhone.Deploy.0 = Debug|Any CPU
		{301A1F4C-E3C6-4408-BFF8-6DA9CC6A4C41}.Debug|iPhoneSimulator.ActiveCfg = Debug|Any CPU
		{301A1F4C-E3C6-4408-BFF8-6DA9CC6A4C41}.Debug|iPhoneSimulator.Build.0 = Debug|Any CPU
		{301A1F4C-E3C6-4408-BFF8-6DA9CC6A4C41}.Debug|iPhoneSimulator.Deploy.0 = Debug|Any CPU
		{301A1F4C-E3C6-4408-BFF8-6DA9CC6A4C41}.Debug|x64.ActiveCfg = Debug|Any CPU
		{301A1F4C-E3C6-4408-BFF8-6DA9CC6A4C41}.Debug|x64.Build.0 = Debug|Any CPU
		{301A1F4C-E3C6-4408-BFF8-6DA9CC6A4C41}.Debug|x64.Deploy.0 = Debug|Any CPU
		{301A1F4C-E3C6-4408-BFF8-6DA9CC6A4C41}.Debug|x86.ActiveCfg = Debug|x86
		{301A1F4C-E3C6-4408-BFF8-6DA9CC6A4C41}.Debug|x86.Build.0 = Debug|x86
		{301A1F4C-E3C6-4408-BFF8-6DA9CC6A4C41}.Debug|x86.Deploy.0 = Debug|x86
		{301A1F4C-E3C6-4408-BFF8-6DA9CC6A4C41}.Release|Any CPU.ActiveCfg = Release|Any CPU
		{301A1F4C-E3C6-4408-BFF8-6DA9CC6A4C41}.Release|Any CPU.Build.0 = Release|Any CPU
		{301A1F4C-E3C6-4408-BFF8-6DA9CC6A4C41}.Release|Any CPU.Deploy.0 = Release|Any CPU
		{301A1F4C-E3C6-4408-BFF8-6DA9CC6A4C41}.Release|ARM.ActiveCfg = Release|ARM
		{301A1F4C-E3C6-4408-BFF8-6DA9CC6A4C41}.Release|ARM.Build.0 = Release|ARM
		{301A1F4C-E3C6-4408-BFF8-6DA9CC6A4C41}.Release|ARM.Deploy.0 = Release|ARM
		{301A1F4C-E3C6-4408-BFF8-6DA9CC6A4C41}.Release|iPhone.ActiveCfg = Release|Any CPU
		{301A1F4C-E3C6-4408-BFF8-6DA9CC6A4C41}.Release|iPhone.Build.0 = Release|Any CPU
		{301A1F4C-E3C6-4408-BFF8-6DA9CC6A4C41}.Release|iPhone.Deploy.0 = Release|Any CPU
		{301A1F4C-E3C6-4408-BFF8-6DA9CC6A4C41}.Release|iPhoneSimulator.ActiveCfg = Release|Any CPU
		{301A1F4C-E3C6-4408-BFF8-6DA9CC6A4C41}.Release|iPhoneSimulator.Build.0 = Release|Any CPU
		{301A1F4C-E3C6-4408-BFF8-6DA9CC6A4C41}.Release|iPhoneSimulator.Deploy.0 = Release|Any CPU
		{301A1F4C-E3C6-4408-BFF8-6DA9CC6A4C41}.Release|x64.ActiveCfg = Release|Any CPU
		{301A1F4C-E3C6-4408-BFF8-6DA9CC6A4C41}.Release|x64.Build.0 = Release|Any CPU
		{301A1F4C-E3C6-4408-BFF8-6DA9CC6A4C41}.Release|x64.Deploy.0 = Release|Any CPU
		{301A1F4C-E3C6-4408-BFF8-6DA9CC6A4C41}.Release|x86.ActiveCfg = Release|x86
		{301A1F4C-E3C6-4408-BFF8-6DA9CC6A4C41}.Release|x86.Build.0 = Release|x86
		{301A1F4C-E3C6-4408-BFF8-6DA9CC6A4C41}.Release|x86.Deploy.0 = Release|x86
		{4C59B92A-7D4A-4A1D-8F60-785EAEB0E097}.Ad-Hoc|Any CPU.ActiveCfg = Release|x86
		{4C59B92A-7D4A-4A1D-8F60-785EAEB0E097}.Ad-Hoc|Any CPU.Build.0 = Release|x86
		{4C59B92A-7D4A-4A1D-8F60-785EAEB0E097}.Ad-Hoc|Any CPU.Deploy.0 = Release|x86
		{4C59B92A-7D4A-4A1D-8F60-785EAEB0E097}.Ad-Hoc|ARM.ActiveCfg = Release|ARM
		{4C59B92A-7D4A-4A1D-8F60-785EAEB0E097}.Ad-Hoc|ARM.Build.0 = Release|ARM
		{4C59B92A-7D4A-4A1D-8F60-785EAEB0E097}.Ad-Hoc|ARM.Deploy.0 = Release|ARM
		{4C59B92A-7D4A-4A1D-8F60-785EAEB0E097}.Ad-Hoc|iPhone.ActiveCfg = Release|x86
		{4C59B92A-7D4A-4A1D-8F60-785EAEB0E097}.Ad-Hoc|iPhone.Build.0 = Release|x86
		{4C59B92A-7D4A-4A1D-8F60-785EAEB0E097}.Ad-Hoc|iPhone.Deploy.0 = Release|x86
		{4C59B92A-7D4A-4A1D-8F60-785EAEB0E097}.Ad-Hoc|iPhoneSimulator.ActiveCfg = Release|x86
		{4C59B92A-7D4A-4A1D-8F60-785EAEB0E097}.Ad-Hoc|iPhoneSimulator.Build.0 = Release|x86
		{4C59B92A-7D4A-4A1D-8F60-785EAEB0E097}.Ad-Hoc|iPhoneSimulator.Deploy.0 = Release|x86
		{4C59B92A-7D4A-4A1D-8F60-785EAEB0E097}.Ad-Hoc|x64.ActiveCfg = Release|x64
		{4C59B92A-7D4A-4A1D-8F60-785EAEB0E097}.Ad-Hoc|x64.Build.0 = Release|x64
		{4C59B92A-7D4A-4A1D-8F60-785EAEB0E097}.Ad-Hoc|x64.Deploy.0 = Release|x64
		{4C59B92A-7D4A-4A1D-8F60-785EAEB0E097}.Ad-Hoc|x86.ActiveCfg = Release|x86
		{4C59B92A-7D4A-4A1D-8F60-785EAEB0E097}.Ad-Hoc|x86.Build.0 = Release|x86
		{4C59B92A-7D4A-4A1D-8F60-785EAEB0E097}.Ad-Hoc|x86.Deploy.0 = Release|x86
		{4C59B92A-7D4A-4A1D-8F60-785EAEB0E097}.AppStore|Any CPU.ActiveCfg = Release|x86
		{4C59B92A-7D4A-4A1D-8F60-785EAEB0E097}.AppStore|Any CPU.Build.0 = Release|x86
		{4C59B92A-7D4A-4A1D-8F60-785EAEB0E097}.AppStore|Any CPU.Deploy.0 = Release|x86
		{4C59B92A-7D4A-4A1D-8F60-785EAEB0E097}.AppStore|ARM.ActiveCfg = Release|ARM
		{4C59B92A-7D4A-4A1D-8F60-785EAEB0E097}.AppStore|ARM.Build.0 = Release|ARM
		{4C59B92A-7D4A-4A1D-8F60-785EAEB0E097}.AppStore|ARM.Deploy.0 = Release|ARM
		{4C59B92A-7D4A-4A1D-8F60-785EAEB0E097}.AppStore|iPhone.ActiveCfg = Release|x86
		{4C59B92A-7D4A-4A1D-8F60-785EAEB0E097}.AppStore|iPhone.Build.0 = Release|x86
		{4C59B92A-7D4A-4A1D-8F60-785EAEB0E097}.AppStore|iPhone.Deploy.0 = Release|x86
		{4C59B92A-7D4A-4A1D-8F60-785EAEB0E097}.AppStore|iPhoneSimulator.ActiveCfg = Release|x86
		{4C59B92A-7D4A-4A1D-8F60-785EAEB0E097}.AppStore|iPhoneSimulator.Build.0 = Release|x86
		{4C59B92A-7D4A-4A1D-8F60-785EAEB0E097}.AppStore|iPhoneSimulator.Deploy.0 = Release|x86
		{4C59B92A-7D4A-4A1D-8F60-785EAEB0E097}.AppStore|x64.ActiveCfg = Release|x64
		{4C59B92A-7D4A-4A1D-8F60-785EAEB0E097}.AppStore|x64.Build.0 = Release|x64
		{4C59B92A-7D4A-4A1D-8F60-785EAEB0E097}.AppStore|x64.Deploy.0 = Release|x64
		{4C59B92A-7D4A-4A1D-8F60-785EAEB0E097}.AppStore|x86.ActiveCfg = Release|x86
		{4C59B92A-7D4A-4A1D-8F60-785EAEB0E097}.AppStore|x86.Build.0 = Release|x86
		{4C59B92A-7D4A-4A1D-8F60-785EAEB0E097}.AppStore|x86.Deploy.0 = Release|x86
		{4C59B92A-7D4A-4A1D-8F60-785EAEB0E097}.Debug|Any CPU.ActiveCfg = Debug|x86
		{4C59B92A-7D4A-4A1D-8F60-785EAEB0E097}.Debug|ARM.ActiveCfg = Debug|ARM
		{4C59B92A-7D4A-4A1D-8F60-785EAEB0E097}.Debug|ARM.Build.0 = Debug|ARM
		{4C59B92A-7D4A-4A1D-8F60-785EAEB0E097}.Debug|ARM.Deploy.0 = Debug|ARM
		{4C59B92A-7D4A-4A1D-8F60-785EAEB0E097}.Debug|iPhone.ActiveCfg = Debug|x86
		{4C59B92A-7D4A-4A1D-8F60-785EAEB0E097}.Debug|iPhoneSimulator.ActiveCfg = Debug|x86
		{4C59B92A-7D4A-4A1D-8F60-785EAEB0E097}.Debug|x64.ActiveCfg = Debug|x64
		{4C59B92A-7D4A-4A1D-8F60-785EAEB0E097}.Debug|x64.Build.0 = Debug|x64
		{4C59B92A-7D4A-4A1D-8F60-785EAEB0E097}.Debug|x64.Deploy.0 = Debug|x64
		{4C59B92A-7D4A-4A1D-8F60-785EAEB0E097}.Debug|x86.ActiveCfg = Debug|x86
		{4C59B92A-7D4A-4A1D-8F60-785EAEB0E097}.Debug|x86.Build.0 = Debug|x86
		{4C59B92A-7D4A-4A1D-8F60-785EAEB0E097}.Debug|x86.Deploy.0 = Debug|x86
		{4C59B92A-7D4A-4A1D-8F60-785EAEB0E097}.Release|Any CPU.ActiveCfg = Release|x86
		{4C59B92A-7D4A-4A1D-8F60-785EAEB0E097}.Release|ARM.ActiveCfg = Release|ARM
		{4C59B92A-7D4A-4A1D-8F60-785EAEB0E097}.Release|ARM.Build.0 = Release|ARM
		{4C59B92A-7D4A-4A1D-8F60-785EAEB0E097}.Release|ARM.Deploy.0 = Release|ARM
		{4C59B92A-7D4A-4A1D-8F60-785EAEB0E097}.Release|iPhone.ActiveCfg = Release|x86
		{4C59B92A-7D4A-4A1D-8F60-785EAEB0E097}.Release|iPhoneSimulator.ActiveCfg = Release|x86
		{4C59B92A-7D4A-4A1D-8F60-785EAEB0E097}.Release|x64.ActiveCfg = Release|x64
		{4C59B92A-7D4A-4A1D-8F60-785EAEB0E097}.Release|x64.Build.0 = Release|x64
		{4C59B92A-7D4A-4A1D-8F60-785EAEB0E097}.Release|x64.Deploy.0 = Release|x64
		{4C59B92A-7D4A-4A1D-8F60-785EAEB0E097}.Release|x86.ActiveCfg = Release|x86
		{4C59B92A-7D4A-4A1D-8F60-785EAEB0E097}.Release|x86.Build.0 = Release|x86
		{4C59B92A-7D4A-4A1D-8F60-785EAEB0E097}.Release|x86.Deploy.0 = Release|x86
		{354C92BF-FE24-415A-BD0A-71FF32A21F52}.Ad-Hoc|Any CPU.ActiveCfg = Release|Any CPU
		{354C92BF-FE24-415A-BD0A-71FF32A21F52}.Ad-Hoc|Any CPU.Build.0 = Release|Any CPU
		{354C92BF-FE24-415A-BD0A-71FF32A21F52}.Ad-Hoc|Any CPU.Deploy.0 = Release|Any CPU
		{354C92BF-FE24-415A-BD0A-71FF32A21F52}.Ad-Hoc|ARM.ActiveCfg = Release|ARM
		{354C92BF-FE24-415A-BD0A-71FF32A21F52}.Ad-Hoc|ARM.Build.0 = Release|ARM
		{354C92BF-FE24-415A-BD0A-71FF32A21F52}.Ad-Hoc|ARM.Deploy.0 = Release|ARM
		{354C92BF-FE24-415A-BD0A-71FF32A21F52}.Ad-Hoc|iPhone.ActiveCfg = Release|Any CPU
		{354C92BF-FE24-415A-BD0A-71FF32A21F52}.Ad-Hoc|iPhone.Build.0 = Release|Any CPU
		{354C92BF-FE24-415A-BD0A-71FF32A21F52}.Ad-Hoc|iPhone.Deploy.0 = Release|Any CPU
		{354C92BF-FE24-415A-BD0A-71FF32A21F52}.Ad-Hoc|iPhoneSimulator.ActiveCfg = Release|Any CPU
		{354C92BF-FE24-415A-BD0A-71FF32A21F52}.Ad-Hoc|iPhoneSimulator.Build.0 = Release|Any CPU
		{354C92BF-FE24-415A-BD0A-71FF32A21F52}.Ad-Hoc|iPhoneSimulator.Deploy.0 = Release|Any CPU
		{354C92BF-FE24-415A-BD0A-71FF32A21F52}.Ad-Hoc|x64.ActiveCfg = Release|x64
		{354C92BF-FE24-415A-BD0A-71FF32A21F52}.Ad-Hoc|x64.Build.0 = Release|x64
		{354C92BF-FE24-415A-BD0A-71FF32A21F52}.Ad-Hoc|x64.Deploy.0 = Release|x64
		{354C92BF-FE24-415A-BD0A-71FF32A21F52}.Ad-Hoc|x86.ActiveCfg = Release|x86
		{354C92BF-FE24-415A-BD0A-71FF32A21F52}.Ad-Hoc|x86.Build.0 = Release|x86
		{354C92BF-FE24-415A-BD0A-71FF32A21F52}.Ad-Hoc|x86.Deploy.0 = Release|x86
		{354C92BF-FE24-415A-BD0A-71FF32A21F52}.AppStore|Any CPU.ActiveCfg = Release|Any CPU
		{354C92BF-FE24-415A-BD0A-71FF32A21F52}.AppStore|Any CPU.Build.0 = Release|Any CPU
		{354C92BF-FE24-415A-BD0A-71FF32A21F52}.AppStore|Any CPU.Deploy.0 = Release|Any CPU
		{354C92BF-FE24-415A-BD0A-71FF32A21F52}.AppStore|ARM.ActiveCfg = Release|ARM
		{354C92BF-FE24-415A-BD0A-71FF32A21F52}.AppStore|ARM.Build.0 = Release|ARM
		{354C92BF-FE24-415A-BD0A-71FF32A21F52}.AppStore|ARM.Deploy.0 = Release|ARM
		{354C92BF-FE24-415A-BD0A-71FF32A21F52}.AppStore|iPhone.ActiveCfg = Release|Any CPU
		{354C92BF-FE24-415A-BD0A-71FF32A21F52}.AppStore|iPhone.Build.0 = Release|Any CPU
		{354C92BF-FE24-415A-BD0A-71FF32A21F52}.AppStore|iPhone.Deploy.0 = Release|Any CPU
		{354C92BF-FE24-415A-BD0A-71FF32A21F52}.AppStore|iPhoneSimulator.ActiveCfg = Release|Any CPU
		{354C92BF-FE24-415A-BD0A-71FF32A21F52}.AppStore|iPhoneSimulator.Build.0 = Release|Any CPU
		{354C92BF-FE24-415A-BD0A-71FF32A21F52}.AppStore|iPhoneSimulator.Deploy.0 = Release|Any CPU
		{354C92BF-FE24-415A-BD0A-71FF32A21F52}.AppStore|x64.ActiveCfg = Release|x64
		{354C92BF-FE24-415A-BD0A-71FF32A21F52}.AppStore|x64.Build.0 = Release|x64
		{354C92BF-FE24-415A-BD0A-71FF32A21F52}.AppStore|x64.Deploy.0 = Release|x64
		{354C92BF-FE24-415A-BD0A-71FF32A21F52}.AppStore|x86.ActiveCfg = Release|x86
		{354C92BF-FE24-415A-BD0A-71FF32A21F52}.AppStore|x86.Build.0 = Release|x86
		{354C92BF-FE24-415A-BD0A-71FF32A21F52}.AppStore|x86.Deploy.0 = Release|x86
		{354C92BF-FE24-415A-BD0A-71FF32A21F52}.Debug|Any CPU.ActiveCfg = Debug|Any CPU
		{354C92BF-FE24-415A-BD0A-71FF32A21F52}.Debug|Any CPU.Build.0 = Debug|Any CPU
		{354C92BF-FE24-415A-BD0A-71FF32A21F52}.Debug|Any CPU.Deploy.0 = Debug|Any CPU
		{354C92BF-FE24-415A-BD0A-71FF32A21F52}.Debug|ARM.ActiveCfg = Debug|ARM
		{354C92BF-FE24-415A-BD0A-71FF32A21F52}.Debug|ARM.Build.0 = Debug|ARM
		{354C92BF-FE24-415A-BD0A-71FF32A21F52}.Debug|ARM.Deploy.0 = Debug|ARM
		{354C92BF-FE24-415A-BD0A-71FF32A21F52}.Debug|iPhone.ActiveCfg = Debug|Any CPU
		{354C92BF-FE24-415A-BD0A-71FF32A21F52}.Debug|iPhone.Build.0 = Debug|Any CPU
		{354C92BF-FE24-415A-BD0A-71FF32A21F52}.Debug|iPhone.Deploy.0 = Debug|Any CPU
		{354C92BF-FE24-415A-BD0A-71FF32A21F52}.Debug|iPhoneSimulator.ActiveCfg = Debug|Any CPU
		{354C92BF-FE24-415A-BD0A-71FF32A21F52}.Debug|iPhoneSimulator.Build.0 = Debug|Any CPU
		{354C92BF-FE24-415A-BD0A-71FF32A21F52}.Debug|iPhoneSimulator.Deploy.0 = Debug|Any CPU
		{354C92BF-FE24-415A-BD0A-71FF32A21F52}.Debug|x64.ActiveCfg = Debug|x64
		{354C92BF-FE24-415A-BD0A-71FF32A21F52}.Debug|x64.Build.0 = Debug|x64
		{354C92BF-FE24-415A-BD0A-71FF32A21F52}.Debug|x64.Deploy.0 = Debug|x64
		{354C92BF-FE24-415A-BD0A-71FF32A21F52}.Debug|x86.ActiveCfg = Debug|x86
		{354C92BF-FE24-415A-BD0A-71FF32A21F52}.Debug|x86.Build.0 = Debug|x86
		{354C92BF-FE24-415A-BD0A-71FF32A21F52}.Debug|x86.Deploy.0 = Debug|x86
		{354C92BF-FE24-415A-BD0A-71FF32A21F52}.Release|Any CPU.ActiveCfg = Release|Any CPU
		{354C92BF-FE24-415A-BD0A-71FF32A21F52}.Release|Any CPU.Build.0 = Release|Any CPU
		{354C92BF-FE24-415A-BD0A-71FF32A21F52}.Release|Any CPU.Deploy.0 = Release|Any CPU
		{354C92BF-FE24-415A-BD0A-71FF32A21F52}.Release|ARM.ActiveCfg = Release|ARM
		{354C92BF-FE24-415A-BD0A-71FF32A21F52}.Release|ARM.Build.0 = Release|ARM
		{354C92BF-FE24-415A-BD0A-71FF32A21F52}.Release|ARM.Deploy.0 = Release|ARM
		{354C92BF-FE24-415A-BD0A-71FF32A21F52}.Release|iPhone.ActiveCfg = Release|Any CPU
		{354C92BF-FE24-415A-BD0A-71FF32A21F52}.Release|iPhone.Build.0 = Release|Any CPU
		{354C92BF-FE24-415A-BD0A-71FF32A21F52}.Release|iPhone.Deploy.0 = Release|Any CPU
		{354C92BF-FE24-415A-BD0A-71FF32A21F52}.Release|iPhoneSimulator.ActiveCfg = Release|Any CPU
		{354C92BF-FE24-415A-BD0A-71FF32A21F52}.Release|iPhoneSimulator.Build.0 = Release|Any CPU
		{354C92BF-FE24-415A-BD0A-71FF32A21F52}.Release|iPhoneSimulator.Deploy.0 = Release|Any CPU
		{354C92BF-FE24-415A-BD0A-71FF32A21F52}.Release|x64.ActiveCfg = Release|x64
		{354C92BF-FE24-415A-BD0A-71FF32A21F52}.Release|x64.Build.0 = Release|x64
		{354C92BF-FE24-415A-BD0A-71FF32A21F52}.Release|x64.Deploy.0 = Release|x64
		{354C92BF-FE24-415A-BD0A-71FF32A21F52}.Release|x86.ActiveCfg = Release|x86
		{354C92BF-FE24-415A-BD0A-71FF32A21F52}.Release|x86.Build.0 = Release|x86
		{354C92BF-FE24-415A-BD0A-71FF32A21F52}.Release|x86.Deploy.0 = Release|x86
	EndGlobalSection
	GlobalSection(SolutionProperties) = preSolution
		HideSolutionNode = FALSE
	EndGlobalSection
EndGlobal
